github.com/LastSprint/JiraGoIssues v1.1.3 h1:vT5Htbri9TivKF/eX42l5h65HFjr8OFL3RstkL6h1c8=
github.com/LastSprint/JiraGoIssues v1.1.3/go.mod h1:hQWCXTUEfRp6WEbZHG1RSldIQ+WZbrrWVQ3paygyNs4=
github.com/LastSprint/JiraGoIssues v1.1.4 h1:JVk1PT9XY+LGIeNLhEfmJFDy08UPN4dihYrArrGPwdo=
github.com/LastSprint/JiraGoIssues v1.1.4/go.mod h1:hQWCXTUEfRp6WEbZHG1RSldIQ+WZbrrWVQ3paygyNs4=
